// !$*UTF8*$!
{
	archiveVersion = 1;
	classes = {
	};
	objectVersion = 46;
	objects = {

/* Begin PBXContainerItemProxy section */
		A23696262309A37500926021 /* PBXContainerItemProxy */ = {
			isa = PBXContainerItemProxy;
			containerPortal = 327E25FB1AD89ADC001876AB /* Project object */;
			proxyType = 1;
			remoteGlobalIDString = A236960D2309A37300926021;
			remoteInfo = appleSNQuery;
		};
/* End PBXContainerItemProxy section */

/* Begin PBXFileReference section */
		327E26071AD89ADC001876AB /* Info.plist */ = {isa = PBXFileReference; lastKnownFileType = text.plist.xml; path = Info.plist; sourceTree = "<group>"; };
		327E26081AD89ADC001876AB /* main.m */ = {isa = PBXFileReference; lastKnownFileType = sourcecode.c.objc; path = main.m; sourceTree = "<group>"; };
		327E260A1AD89ADC001876AB /* AppDelegate.h */ = {isa = PBXFileReference; lastKnownFileType = sourcecode.c.h; path = AppDelegate.h; sourceTree = "<group>"; };
		327E260B1AD89ADC001876AB /* AppDelegate.mm */ = {isa = PBXFileReference; lastKnownFileType = sourcecode.cpp.objcpp; path = AppDelegate.mm; sourceTree = "<group>"; };
		327E260E1AD89ADC001876AB /* appleSNQuery.xcdatamodel */ = {isa = PBXFileReference; lastKnownFileType = wrapper.xcdatamodel; path = appleSNQuery.xcdatamodel; sourceTree = "<group>"; };
		327E26101AD89ADC001876AB /* ViewController.h */ = {isa = PBXFileReference; lastKnownFileType = sourcecode.c.h; path = ViewController.h; sourceTree = "<group>"; };
		327E26111AD89ADC001876AB /* ViewController.m */ = {isa = PBXFileReference; lastKnownFileType = sourcecode.c.objc; path = ViewController.m; sourceTree = "<group>"; };
		327E26141AD89ADC001876AB /* Base */ = {isa = PBXFileReference; lastKnownFileType = file.storyboard; name = Base; path = Base.lproj/Main.storyboard; sourceTree = "<group>"; };
		327E26161AD89ADC001876AB /* Images.xcassets */ = {isa = PBXFileReference; lastKnownFileType = folder.assetcatalog; path = Images.xcassets; sourceTree = "<group>"; };
		327E26191AD89ADC001876AB /* Base */ = {isa = PBXFileReference; lastKnownFileType = file.xib; name = Base; path = Base.lproj/LaunchScreen.xib; sourceTree = "<group>"; };
		327E26241AD89ADC001876AB /* Info.plist */ = {isa = PBXFileReference; lastKnownFileType = text.plist.xml; path = Info.plist; sourceTree = "<group>"; };
		327E26251AD89ADC001876AB /* appleSNQueryTests.m */ = {isa = PBXFileReference; lastKnownFileType = sourcecode.c.objc; path = appleSNQueryTests.m; sourceTree = "<group>"; };
		327E262F1AD89E9D001876AB /* QuerySnViewController.h */ = {isa = PBXFileReference; fileEncoding = 4; lastKnownFileType = sourcecode.c.h; path = QuerySnViewController.h; sourceTree = "<group>"; };
		327E26301AD89E9D001876AB /* QuerySnViewController.m */ = {isa = PBXFileReference; fileEncoding = 4; lastKnownFileType = sourcecode.c.objc; path = QuerySnViewController.m; sourceTree = "<group>"; };
		327E26341AD9279E001876AB /* CoreTelephony.framework */ = {isa = PBXFileReference; lastKnownFileType = wrapper.framework; name = CoreTelephony.framework; path = System/Library/Frameworks/CoreTelephony.framework; sourceTree = SDKROOT; };
		327E26361AD927AA001876AB /* AdSupport.framework */ = {isa = PBXFileReference; lastKnownFileType = wrapper.framework; name = AdSupport.framework; path = System/Library/Frameworks/AdSupport.framework; sourceTree = SDKROOT; };
		327E26381AD927B4001876AB /* CoreLocation.framework */ = {isa = PBXFileReference; lastKnownFileType = wrapper.framework; name = CoreLocation.framework; path = System/Library/Frameworks/CoreLocation.framework; sourceTree = SDKROOT; };
		A211B53223091C3C00BEFFCD /* car_icon.jpg */ = {isa = PBXFileReference; lastKnownFileType = image.jpeg; name = car_icon.jpg; path = ../../../Downloads/car_icon.jpg; sourceTree = "<group>"; };
		A236960E2309A37300926021 /* appleSNQuery.app */ = {isa = PBXFileReference; explicitFileType = wrapper.application; includeInIndex = 0; path = appleSNQuery.app; sourceTree = BUILT_PRODUCTS_DIR; };
		A23696252309A37500926021 /* appleSNQueryTests.xctest */ = {isa = PBXFileReference; explicitFileType = wrapper.cfbundle; includeInIndex = 0; path = appleSNQueryTests.xctest; sourceTree = BUILT_PRODUCTS_DIR; };
/* End PBXFileReference section */

/* Begin PBXFrameworksBuildPhase section */
		A236960B2309A37300926021 /* Frameworks */ = {
			isa = PBXFrameworksBuildPhase;
			buildActionMask = 2147483647;
			files = (
			);
			runOnlyForDeploymentPostprocessing = 0;
		};
		A23696222309A37500926021 /* Frameworks */ = {
			isa = PBXFrameworksBuildPhase;
			buildActionMask = 2147483647;
			files = (
			);
			runOnlyForDeploymentPostprocessing = 0;
		};
/* End PBXFrameworksBuildPhase section */

/* Begin PBXGroup section */
		327E25FA1AD89ADC001876AB = {
			isa = PBXGroup;
			children = (
				327E26051AD89ADC001876AB /* appleSNQuery */,
				327E26221AD89ADC001876AB /* appleSNQueryTests */,
				327E26041AD89ADC001876AB /* Products */,
				327E263A1AD927C3001876AB /* frameWorks */,
			);
			sourceTree = "<group>";
		};
		327E26041AD89ADC001876AB /* Products */ = {
			isa = PBXGroup;
			children = (
				A236960E2309A37300926021 /* appleSNQuery.app */,
				A23696252309A37500926021 /* appleSNQueryTests.xctest */,
			);
			name = Products;
			sourceTree = "<group>";
		};
		327E26051AD89ADC001876AB /* appleSNQuery */ = {
			isa = PBXGroup;
			children = (
				327E26101AD89ADC001876AB /* ViewController.h */,
				327E26111AD89ADC001876AB /* ViewController.m */,
				327E26131AD89ADC001876AB /* Main.storyboard */,
				327E262F1AD89E9D001876AB /* QuerySnViewController.h */,
				327E26301AD89E9D001876AB /* QuerySnViewController.m */,
				327E26161AD89ADC001876AB /* Images.xcassets */,
				327E26181AD89ADC001876AB /* LaunchScreen.xib */,
				A211B53223091C3C00BEFFCD /* car_icon.jpg */,
				327E260D1AD89ADC001876AB /* appleSNQuery.xcdatamodeld */,
				327E26061AD89ADC001876AB /* Supporting Files */,
			);
			path = appleSNQuery;
			sourceTree = "<group>";
		};
		327E26061AD89ADC001876AB /* Supporting Files */ = {
			isa = PBXGroup;
			children = (
				327E260A1AD89ADC001876AB /* AppDelegate.h */,
				327E260B1AD89ADC001876AB /* AppDelegate.mm */,
				327E26071AD89ADC001876AB /* Info.plist */,
				327E26081AD89ADC001876AB /* main.m */,
			);
			name = "Supporting Files";
			sourceTree = "<group>";
		};
		327E26221AD89ADC001876AB /* appleSNQueryTests */ = {
			isa = PBXGroup;
			children = (
				327E26251AD89ADC001876AB /* appleSNQueryTests.m */,
				327E26231AD89ADC001876AB /* Supporting Files */,
			);
			path = appleSNQueryTests;
			sourceTree = "<group>";
		};
		327E26231AD89ADC001876AB /* Supporting Files */ = {
			isa = PBXGroup;
			children = (
				327E26241AD89ADC001876AB /* Info.plist */,
			);
			name = "Supporting Files";
			sourceTree = "<group>";
		};
		327E263A1AD927C3001876AB /* frameWorks */ = {
			isa = PBXGroup;
			children = (
				327E26381AD927B4001876AB /* CoreLocation.framework */,
				327E26361AD927AA001876AB /* AdSupport.framework */,
				327E26341AD9279E001876AB /* CoreTelephony.framework */,
			);
			name = frameWorks;
			sourceTree = "<group>";
		};
/* End PBXGroup section */

/* Begin PBXNativeTarget section */
		A236960D2309A37300926021 /* appleSNQuery */ = {
			isa = PBXNativeTarget;
			buildConfigurationList = A23696372309A37500926021 /* Build configuration list for PBXNativeTarget "appleSNQuery" */;
			buildPhases = (
				A236960A2309A37300926021 /* Sources */,
				A236960B2309A37300926021 /* Frameworks */,
				A236960C2309A37300926021 /* Resources */,
			);
			buildRules = (
			);
			dependencies = (
			);
			name = appleSNQuery;
			productName = appleSNQuery;
			productReference = A236960E2309A37300926021 /* appleSNQuery.app */;
			productType = "com.apple.product-type.application";
		};
		A23696242309A37500926021 /* appleSNQueryTests */ = {
			isa = PBXNativeTarget;
			buildConfigurationList = A236963A2309A37500926021 /* Build configuration list for PBXNativeTarget "appleSNQueryTests" */;
			buildPhases = (
				A23696212309A37500926021 /* Sources */,
				A23696222309A37500926021 /* Frameworks */,
				A23696232309A37500926021 /* Resources */,
			);
			buildRules = (
			);
			dependencies = (
				A23696272309A37500926021 /* PBXTargetDependency */,
			);
			name = appleSNQueryTests;
			productName = appleSNQueryTests;
			productReference = A23696252309A37500926021 /* appleSNQueryTests.xctest */;
			productType = "com.apple.product-type.bundle.unit-test";
		};
/* End PBXNativeTarget section */

/* Begin PBXProject section */
		327E25FB1AD89ADC001876AB /* Project object */ = {
			isa = PBXProject;
			attributes = {
				LastUpgradeCheck = 1030;
				ORGANIZATIONNAME = bruce;
				TargetAttributes = {
					A236960D2309A37300926021 = {
						CreatedOnToolsVersion = 10.3;
						DevelopmentTeam = P3TKC9BY8U;
						ProvisioningStyle = Automatic;
					};
					A23696242309A37500926021 = {
						CreatedOnToolsVersion = 10.3;
						DevelopmentTeam = P3TKC9BY8U;
						ProvisioningStyle = Automatic;
						TestTargetID = A236960D2309A37300926021;
					};
				};
			};
			buildConfigurationList = 327E25FE1AD89ADC001876AB /* Build configuration list for PBXProject "appleSNQuery" */;
			compatibilityVersion = "Xcode 3.2";
			developmentRegion = English;
			hasScannedForEncodings = 0;
			knownRegions = (
				English,
				en,
				Base,
			);
			mainGroup = 327E25FA1AD89ADC001876AB;
			productRefGroup = 327E26041AD89ADC001876AB /* Products */;
			projectDirPath = "";
			projectRoot = "";
			targets = (
				A236960D2309A37300926021 /* appleSNQuery */,
				A23696242309A37500926021 /* appleSNQueryTests */,
			);
		};
/* End PBXProject section */

/* Begin PBXResourcesBuildPhase section */
		A236960C2309A37300926021 /* Resources */ = {
			isa = PBXResourcesBuildPhase;
			buildActionMask = 2147483647;
			files = (
			);
			runOnlyForDeploymentPostprocessing = 0;
		};
		A23696232309A37500926021 /* Resources */ = {
			isa = PBXResourcesBuildPhase;
			buildActionMask = 2147483647;
			files = (
			);
			runOnlyForDeploymentPostprocessing = 0;
		};
/* End PBXResourcesBuildPhase section */

/* Begin PBXSourcesBuildPhase section */
		A236960A2309A37300926021 /* Sources */ = {
			isa = PBXSourcesBuildPhase;
			buildActionMask = 2147483647;
			files = (
			);
			runOnlyForDeploymentPostprocessing = 0;
		};
		A23696212309A37500926021 /* Sources */ = {
			isa = PBXSourcesBuildPhase;
			buildActionMask = 2147483647;
			files = (
			);
			runOnlyForDeploymentPostprocessing = 0;
		};
/* End PBXSourcesBuildPhase section */

/* Begin PBXTargetDependency section */
		A23696272309A37500926021 /* PBXTargetDependency */ = {
			isa = PBXTargetDependency;
			target = A236960D2309A37300926021 /* appleSNQuery */;
			targetProxy = A23696262309A37500926021 /* PBXContainerItemProxy */;
		};
/* End PBXTargetDependency section */

/* Begin PBXVariantGroup section */
		327E26131AD89ADC001876AB /* Main.storyboard */ = {
			isa = PBXVariantGroup;
			children = (
				327E26141AD89ADC001876AB /* Base */,
			);
			name = Main.storyboard;
			sourceTree = "<group>";
		};
		327E26181AD89ADC001876AB /* LaunchScreen.xib */ = {
			isa = PBXVariantGroup;
			children = (
				327E26191AD89ADC001876AB /* Base */,
			);
			name = LaunchScreen.xib;
			sourceTree = "<group>";
		};
/* End PBXVariantGroup section */

/* Begin XCBuildConfiguration section */
		327E26271AD89ADC001876AB /* Debug */ = {
			isa = XCBuildConfiguration;
			buildSettings = {
				ALWAYS_SEARCH_USER_PATHS = NO;
				CLANG_ANALYZER_LOCALIZABILITY_NONLOCALIZED = YES;
				CLANG_CXX_LANGUAGE_STANDARD = "gnu++0x";
				CLANG_CXX_LIBRARY = "libc++";
				CLANG_ENABLE_MODULES = YES;
				CLANG_ENABLE_OBJC_ARC = YES;
				CLANG_WARN_BLOCK_CAPTURE_AUTORELEASING = YES;
				CLANG_WARN_BOOL_CONVERSION = YES;
				CLANG_WARN_COMMA = YES;
				CLANG_WARN_CONSTANT_CONVERSION = YES;
				CLANG_WARN_DEPRECATED_OBJC_IMPLEMENTATIONS = YES;
				CLANG_WARN_DIRECT_OBJC_ISA_USAGE = YES_ERROR;
				CLANG_WARN_EMPTY_BODY = YES;
				CLANG_WARN_ENUM_CONVERSION = YES;
				CLANG_WARN_INFINITE_RECURSION = YES;
				CLANG_WARN_INT_CONVERSION = YES;
				CLANG_WARN_NON_LITERAL_NULL_CONVERSION = YES;
				CLANG_WARN_OBJC_IMPLICIT_RETAIN_SELF = YES;
				CLANG_WARN_OBJC_LITERAL_CONVERSION = YES;
				CLANG_WARN_OBJC_ROOT_CLASS = YES_ERROR;
				CLANG_WARN_RANGE_LOOP_ANALYSIS = YES;
				CLANG_WARN_STRICT_PROTOTYPES = YES;
				CLANG_WARN_SUSPICIOUS_MOVE = YES;
				CLANG_WARN_UNREACHABLE_CODE = YES;
				CLANG_WARN__DUPLICATE_METHOD_MATCH = YES;
				"CODE_SIGN_IDENTITY[sdk=iphoneos*]" = "iPhone Developer";
				COPY_PHASE_STRIP = NO;
				DEBUG_INFORMATION_FORMAT = "dwarf-with-dsym";
				ENABLE_STRICT_OBJC_MSGSEND = YES;
				ENABLE_TESTABILITY = NO;
				GCC_C_LANGUAGE_STANDARD = gnu99;
				GCC_DYNAMIC_NO_PIC = NO;
				GCC_NO_COMMON_BLOCKS = YES;
				GCC_OPTIMIZATION_LEVEL = 0;
				GCC_PREPROCESSOR_DEFINITIONS = (
					"DEBUG=1",
					"$(inherited)",
				);
				GCC_SYMBOLS_PRIVATE_EXTERN = NO;
				GCC_WARN_64_TO_32_BIT_CONVERSION = YES;
				GCC_WARN_ABOUT_RETURN_TYPE = YES_ERROR;
				GCC_WARN_UNDECLARED_SELECTOR = YES;
				GCC_WARN_UNINITIALIZED_AUTOS = YES_AGGRESSIVE;
				GCC_WARN_UNUSED_FUNCTION = YES;
				GCC_WARN_UNUSED_VARIABLE = YES;
				IPHONEOS_DEPLOYMENT_TARGET = 8.3;
				MTL_ENABLE_DEBUG_INFO = YES;
				ONLY_ACTIVE_ARCH = YES;
				SDKROOT = iphoneos;
				VALIDATE_PRODUCT = YES;
			};
			name = Debug;
		};
		327E26281AD89ADC001876AB /* Release */ = {
			isa = XCBuildConfiguration;
			buildSettings = {
				ALWAYS_SEARCH_USER_PATHS = NO;
				CLANG_ANALYZER_LOCALIZABILITY_NONLOCALIZED = YES;
				CLANG_CXX_LANGUAGE_STANDARD = "gnu++0x";
				CLANG_CXX_LIBRARY = "libc++";
				CLANG_ENABLE_MODULES = YES;
				CLANG_ENABLE_OBJC_ARC = YES;
				CLANG_WARN_BLOCK_CAPTURE_AUTORELEASING = YES;
				CLANG_WARN_BOOL_CONVERSION = YES;
				CLANG_WARN_COMMA = YES;
				CLANG_WARN_CONSTANT_CONVERSION = YES;
				CLANG_WARN_DEPRECATED_OBJC_IMPLEMENTATIONS = YES;
				CLANG_WARN_DIRECT_OBJC_ISA_USAGE = YES_ERROR;
				CLANG_WARN_EMPTY_BODY = YES;
				CLANG_WARN_ENUM_CONVERSION = YES;
				CLANG_WARN_INFINITE_RECURSION = YES;
				CLANG_WARN_INT_CONVERSION = YES;
				CLANG_WARN_NON_LITERAL_NULL_CONVERSION = YES;
				CLANG_WARN_OBJC_IMPLICIT_RETAIN_SELF = YES;
				CLANG_WARN_OBJC_LITERAL_CONVERSION = YES;
				CLANG_WARN_OBJC_ROOT_CLASS = YES_ERROR;
				CLANG_WARN_RANGE_LOOP_ANALYSIS = YES;
				CLANG_WARN_STRICT_PROTOTYPES = YES;
				CLANG_WARN_SUSPICIOUS_MOVE = YES;
				CLANG_WARN_UNREACHABLE_CODE = YES;
				CLANG_WARN__DUPLICATE_METHOD_MATCH = YES;
				"CODE_SIGN_IDENTITY[sdk=iphoneos*]" = "iPhone Developer";
				COPY_PHASE_STRIP = NO;
				DEBUG_INFORMATION_FORMAT = "dwarf-with-dsym";
				ENABLE_NS_ASSERTIONS = NO;
				ENABLE_STRICT_OBJC_MSGSEND = YES;
				GCC_C_LANGUAGE_STANDARD = gnu99;
				GCC_NO_COMMON_BLOCKS = YES;
				GCC_WARN_64_TO_32_BIT_CONVERSION = YES;
				GCC_WARN_ABOUT_RETURN_TYPE = YES_ERROR;
				GCC_WARN_UNDECLARED_SELECTOR = YES;
				GCC_WARN_UNINITIALIZED_AUTOS = YES_AGGRESSIVE;
				GCC_WARN_UNUSED_FUNCTION = YES;
				GCC_WARN_UNUSED_VARIABLE = YES;
				IPHONEOS_DEPLOYMENT_TARGET = 8.3;
				MTL_ENABLE_DEBUG_INFO = NO;
				SDKROOT = iphoneos;
				VALIDATE_PRODUCT = NO;
			};
			name = Release;
		};
		A23696382309A37500926021 /* Debug */ = {
			isa = XCBuildConfiguration;
			buildSettings = {
				ASSETCATALOG_COMPILER_APPICON_NAME = AppIcon;
				CLANG_ANALYZER_NONNULL = YES;
				CLANG_ANALYZER_NUMBER_OBJECT_CONVERSION = YES_AGGRESSIVE;
				CLANG_CXX_LANGUAGE_STANDARD = "gnu++14";
				CLANG_ENABLE_OBJC_WEAK = YES;
				CLANG_WARN_DOCUMENTATION_COMMENTS = YES;
				CLANG_WARN_UNGUARDED_AVAILABILITY = YES_AGGRESSIVE;
				CODE_SIGN_IDENTITY = "iPhone Developer";
				CODE_SIGN_STYLE = Automatic;
				DEBUG_INFORMATION_FORMAT = dwarf;
				DEVELOPMENT_TEAM = P3TKC9BY8U;
				GCC_C_LANGUAGE_STANDARD = gnu11;
				INFOPLIST_FILE = appleSNQuery/Info.plist;
				IPHONEOS_DEPLOYMENT_TARGET = 12.4;
				LD_RUNPATH_SEARCH_PATHS = "$(inherited) @executable_path/Frameworks";
				MTL_ENABLE_DEBUG_INFO = INCLUDE_SOURCE;
				MTL_FAST_MATH = YES;
				PRODUCT_BUNDLE_IDENTIFIER = bruce.appleSNQuery;
				PRODUCT_NAME = "$(TARGET_NAME)";
				TARGETED_DEVICE_FAMILY = "1,2";
			};
			name = Debug;
		};
		A23696392309A37500926021 /* Release */ = {
			isa = XCBuildConfiguration;
			buildSettings = {
				ASSETCATALOG_COMPILER_APPICON_NAME = AppIcon;
				CLANG_ANALYZER_NONNULL = YES;
				CLANG_ANALYZER_NUMBER_OBJECT_CONVERSION = YES_AGGRESSIVE;
				CLANG_CXX_LANGUAGE_STANDARD = "gnu++14";
				CLANG_ENABLE_OBJC_WEAK = YES;
				CLANG_WARN_DOCUMENTATION_COMMENTS = YES;
				CLANG_WARN_UNGUARDED_AVAILABILITY = YES_AGGRESSIVE;
				CODE_SIGN_IDENTITY = "iPhone Developer";
				CODE_SIGN_STYLE = Automatic;
				DEVELOPMENT_TEAM = P3TKC9BY8U;
				GCC_C_LANGUAGE_STANDARD = gnu11;
				INFOPLIST_FILE = appleSNQuery/Info.plist;
				IPHONEOS_DEPLOYMENT_TARGET = 12.4;
				LD_RUNPATH_SEARCH_PATHS = "$(inherited) @executable_path/Frameworks";
				MTL_FAST_MATH = YES;
				PRODUCT_BUNDLE_IDENTIFIER = bruce.appleSNQuery;
				PRODUCT_NAME = "$(TARGET_NAME)";
				TARGETED_DEVICE_FAMILY = "1,2";
			};
			name = Release;
		};
		A236963B2309A37500926021 /* Debug */ = {
			isa = XCBuildConfiguration;
			buildSettings = {
				BUNDLE_LOADER = "$(TEST_HOST)";
				CLANG_ANALYZER_NONNULL = YES;
				CLANG_ANALYZER_NUMBER_OBJECT_CONVERSION = YES_AGGRESSIVE;
				CLANG_CXX_LANGUAGE_STANDARD = "gnu++14";
				CLANG_ENABLE_OBJC_WEAK = YES;
				CLANG_WARN_DOCUMENTATION_COMMENTS = YES;
				CLANG_WARN_UNGUARDED_AVAILABILITY = YES_AGGRESSIVE;
				CODE_SIGN_IDENTITY = "iPhone Developer";
				CODE_SIGN_STYLE = Automatic;
				DEBUG_INFORMATION_FORMAT = dwarf;
				DEVELOPMENT_TEAM = P3TKC9BY8U;
				GCC_C_LANGUAGE_STANDARD = gnu11;
				INFOPLIST_FILE = appleSNQueryTests/Info.plist;
				IPHONEOS_DEPLOYMENT_TARGET = 12.4;
				LD_RUNPATH_SEARCH_PATHS = "$(inherited) @executable_path/Frameworks @loader_path/Frameworks";
				MTL_ENABLE_DEBUG_INFO = INCLUDE_SOURCE;
				MTL_FAST_MATH = YES;
				PRODUCT_BUNDLE_IDENTIFIER = bruce.appleSNQueryTests;
				PRODUCT_NAME = "$(TARGET_NAME)";
				TARGETED_DEVICE_FAMILY = "1,2";
				TEST_HOST = "$(BUILT_PRODUCTS_DIR)/appleSNQuery.app/appleSNQuery";
			};
			name = Debug;
		};
		A236963C2309A37500926021 /* Release */ = {
			isa = XCBuildConfiguration;
			buildSettings = {
				BUNDLE_LOADER = "$(TEST_HOST)";
				CLANG_ANALYZER_NONNULL = YES;
				CLANG_ANALYZER_NUMBER_OBJECT_CONVERSION = YES_AGGRESSIVE;
				CLANG_CXX_LANGUAGE_STANDARD = "gnu++14";
				CLANG_ENABLE_OBJC_WEAK = YES;
				CLANG_WARN_DOCUMENTATION_COMMENTS = YES;
				CLANG_WARN_UNGUARDED_AVAILABILITY = YES_AGGRESSIVE;
				CODE_SIGN_IDENTITY = "iPhone Developer";
				CODE_SIGN_STYLE = Automatic;
				DEVELOPMENT_TEAM = P3TKC9BY8U;
				GCC_C_LANGUAGE_STANDARD = gnu11;
				INFOPLIST_FILE = appleSNQueryTests/Info.plist;
				IPHONEOS_DEPLOYMENT_TARGET = 12.4;
				LD_RUNPATH_SEARCH_PATHS = "$(inherited) @executable_path/Frameworks @loader_path/Frameworks";
				MTL_FAST_MATH = YES;
				PRODUCT_BUNDLE_IDENTIFIER = bruce.appleSNQueryTests;
				PRODUCT_NAME = "$(TARGET_NAME)";
				TARGETED_DEVICE_FAMILY = "1,2";
				TEST_HOST = "$(BUILT_PRODUCTS_DIR)/appleSNQuery.app/appleSNQuery";
			};
			name = Release;
		};
/* End XCBuildConfiguration section */

/* Begin XCConfigurationList section */
		327E25FE1AD89ADC001876AB /* Build configuration list for PBXProject "appleSNQuery" */ = {
			isa = XCConfigurationList;
			buildConfigurations = (
				327E26271AD89ADC001876AB /* Debug */,
				327E26281AD89ADC001876AB /* Release */,
			);
			defaultConfigurationIsVisible = 0;
			defaultConfigurationName = Release;
		};
		A23696372309A37500926021 /* Build configuration list for PBXNativeTarget "appleSNQuery" */ = {
			isa = XCConfigurationList;
			buildConfigurations = (
				A23696382309A37500926021 /* Debug */,
				A23696392309A37500926021 /* Release */,
			);
			defaultConfigurationIsVisible = 0;
			defaultConfigurationName = Release;
		};
		A236963A2309A37500926021 /* Build configuration list for PBXNativeTarget "appleSNQueryTests" */ = {
			isa = XCConfigurationList;
			buildConfigurations = (
				A236963B2309A37500926021 /* Debug */,
				A236963C2309A37500926021 /* Release */,
			);
			defaultConfigurationIsVisible = 0;
			defaultConfigurationName = Release;
		};
/* End XCConfigurationList section */

/* Begin XCVersionGroup section */
		327E260D1AD89ADC001876AB /* appleSNQuery.xcdatamodeld */ = {
			isa = XCVersionGroup;
			children = (
				327E260E1AD89ADC001876AB /* appleSNQuery.xcdatamodel */,
			);
			currentVersion = 327E260E1AD89ADC001876AB /* appleSNQuery.xcdatamodel */;
			path = appleSNQuery.xcdatamodeld;
			sourceTree = "<group>";
			versionGroupType = wrapper.xcdatamodel;
		};
/* End XCVersionGroup section */
	};
	rootObject = 327E25FB1AD89ADC001876AB /* Project object */;
}
